// !$*UTF8*$!
{
   archiveVersion = "1";
   objectVersion = "46";
   objects = {
      "OBJ_1" = {
         isa = "PBXProject";
         attributes = {
            LastUpgradeCheck = "9999";
         };
         buildConfigurationList = "OBJ_2";
         compatibilityVersion = "Xcode 3.2";
         developmentRegion = "English";
         hasScannedForEncodings = "0";
         knownRegions = (
            "en"
         );
         mainGroup = "OBJ_5";
         productRefGroup = "OBJ_20";
         projectDirPath = ".";
         targets = (
            "PackageConfig::Example",
            "PackageConfig::PackageConfig",
            "PackageConfig::SwiftPMPackageDescription",
            "PackageConfig::PackageConfigPackageTests::ProductTarget",
            "PackageConfig::PackageConfigTests",
            "PackageConfig::package-config-example::ProductTarget"
         );
      };
      "OBJ_10" = {
         isa = "PBXFileReference";
         path = "ExampleConfiguration.swift";
         sourceTree = "<group>";
      };
      "OBJ_11" = {
         isa = "PBXFileReference";
         path = "Loader.swift";
         sourceTree = "<group>";
      };
      "OBJ_12" = {
         isa = "PBXFileReference";
         path = "Package.swift";
         sourceTree = "<group>";
      };
      "OBJ_13" = {
         isa = "PBXFileReference";
         path = "Writer.swift";
         sourceTree = "<group>";
      };
      "OBJ_14" = {
         isa = "PBXGroup";
         children = (
            "OBJ_15"
         );
         name = "Example";
         path = "Sources/Example";
         sourceTree = "SOURCE_ROOT";
      };
      "OBJ_15" = {
         isa = "PBXFileReference";
         path = "main.swift";
         sourceTree = "<group>";
      };
      "OBJ_16" = {
         isa = "PBXGroup";
         children = (
            "OBJ_17"
         );
         name = "Tests";
         path = "";
         sourceTree = "SOURCE_ROOT";
      };
      "OBJ_17" = {
         isa = "PBXGroup";
         children = (
            "OBJ_18",
            "OBJ_19"
         );
         name = "PackageConfigTests";
         path = "Tests/PackageConfigTests";
         sourceTree = "SOURCE_ROOT";
      };
      "OBJ_18" = {
         isa = "PBXFileReference";
         path = "PackageConfigTests.swift";
         sourceTree = "<group>";
      };
      "OBJ_19" = {
         isa = "PBXFileReference";
         path = "XCTestManifests.swift";
         sourceTree = "<group>";
      };
      "OBJ_2" = {
         isa = "XCConfigurationList";
         buildConfigurations = (
            "OBJ_3",
            "OBJ_4"
         );
         defaultConfigurationIsVisible = "0";
         defaultConfigurationName = "Release";
      };
      "OBJ_20" = {
         isa = "PBXGroup";
         children = (
            "PackageConfig::Example::Product",
            "PackageConfig::PackageConfigTests::Product",
            "PackageConfig::PackageConfig::Product"
         );
         name = "Products";
         path = "";
         sourceTree = "BUILT_PRODUCTS_DIR";
      };
      "OBJ_25" = {
         isa = "XCConfigurationList";
         buildConfigurations = (
            "OBJ_26",
            "OBJ_27"
         );
         defaultConfigurationIsVisible = "0";
         defaultConfigurationName = "Release";
      };
      "OBJ_26" = {
         isa = "XCBuildConfiguration";
         buildSettings = {
            FRAMEWORK_SEARCH_PATHS = (
               "$(inherited)",
               "$(PLATFORM_DIR)/Developer/Library/Frameworks"
            );
            HEADER_SEARCH_PATHS = (
               "$(inherited)"
            );
            INFOPLIST_FILE = "PackageConfig.xcodeproj/Example_Info.plist";
            LD_RUNPATH_SEARCH_PATHS = (
               "$(inherited)",
               "$(TOOLCHAIN_DIR)/usr/lib/swift/macosx",
               "@executable_path"
            );
            OTHER_CFLAGS = (
               "$(inherited)"
            );
            OTHER_LDFLAGS = (
               "$(inherited)"
            );
            OTHER_SWIFT_FLAGS = (
               "$(inherited)"
            );
            SWIFT_ACTIVE_COMPILATION_CONDITIONS = (
               "$(inherited)"
            );
            SWIFT_FORCE_DYNAMIC_LINK_STDLIB = "YES";
            SWIFT_FORCE_STATIC_LINK_STDLIB = "NO";
            SWIFT_VERSION = "4.2";
            TARGET_NAME = "Example";
         };
         name = "Debug";
      };
      "OBJ_27" = {
         isa = "XCBuildConfiguration";
         buildSettings = {
            FRAMEWORK_SEARCH_PATHS = (
               "$(inherited)",
               "$(PLATFORM_DIR)/Developer/Library/Frameworks"
            );
            HEADER_SEARCH_PATHS = (
               "$(inherited)"
            );
            INFOPLIST_FILE = "PackageConfig.xcodeproj/Example_Info.plist";
            LD_RUNPATH_SEARCH_PATHS = (
               "$(inherited)",
               "$(TOOLCHAIN_DIR)/usr/lib/swift/macosx",
               "@executable_path"
            );
            OTHER_CFLAGS = (
               "$(inherited)"
            );
            OTHER_LDFLAGS = (
               "$(inherited)"
            );
            OTHER_SWIFT_FLAGS = (
               "$(inherited)"
            );
            SWIFT_ACTIVE_COMPILATION_CONDITIONS = (
               "$(inherited)"
            );
            SWIFT_FORCE_DYNAMIC_LINK_STDLIB = "YES";
            SWIFT_FORCE_STATIC_LINK_STDLIB = "NO";
            SWIFT_VERSION = "4.2";
            TARGET_NAME = "Example";
         };
         name = "Release";
      };
      "OBJ_28" = {
         isa = "PBXSourcesBuildPhase";
         files = (
            "OBJ_29"
         );
      };
      "OBJ_29" = {
         isa = "PBXBuildFile";
         fileRef = "OBJ_15";
      };
      "OBJ_3" = {
         isa = "XCBuildConfiguration";
         buildSettings = {
            CLANG_ENABLE_OBJC_ARC = "YES";
            COMBINE_HIDPI_IMAGES = "YES";
            COPY_PHASE_STRIP = "NO";
            DEBUG_INFORMATION_FORMAT = "dwarf";
            DYLIB_INSTALL_NAME_BASE = "@rpath";
            ENABLE_NS_ASSERTIONS = "YES";
            GCC_OPTIMIZATION_LEVEL = "0";
            GCC_PREPROCESSOR_DEFINITIONS = (
               "DEBUG=1",
               "$(inherited)"
            );
            MACOSX_DEPLOYMENT_TARGET = "10.10";
            ONLY_ACTIVE_ARCH = "YES";
            OTHER_SWIFT_FLAGS = (
               "-DXcode"
            );
            PRODUCT_NAME = "$(TARGET_NAME)";
            SDKROOT = "macosx";
            SUPPORTED_PLATFORMS = (
               "macosx",
               "iphoneos",
               "iphonesimulator",
               "appletvos",
               "appletvsimulator",
               "watchos",
               "watchsimulator"
            );
            SWIFT_ACTIVE_COMPILATION_CONDITIONS = (
               "SWIFT_PACKAGE",
               "DEBUG"
            );
            SWIFT_OPTIMIZATION_LEVEL = "-Onone";
            USE_HEADERMAP = "NO";
         };
         name = "Debug";
      };
      "OBJ_30" = {
         isa = "PBXFrameworksBuildPhase";
         files = (
            "OBJ_31"
         );
      };
      "OBJ_31" = {
         isa = "PBXBuildFile";
         fileRef = "PackageConfig::PackageConfig::Product";
      };
      "OBJ_32" = {
         isa = "PBXTargetDependency";
         target = "PackageConfig::PackageConfig";
      };
      "OBJ_34" = {
         isa = "XCConfigurationList";
         buildConfigurations = (
            "OBJ_35",
            "OBJ_36"
         );
         defaultConfigurationIsVisible = "0";
         defaultConfigurationName = "Release";
      };
      "OBJ_35" = {
         isa = "XCBuildConfiguration";
         buildSettings = {
            ENABLE_TESTABILITY = "YES";
            FRAMEWORK_SEARCH_PATHS = (
               "$(inherited)",
               "$(PLATFORM_DIR)/Developer/Library/Frameworks"
            );
            HEADER_SEARCH_PATHS = (
               "$(inherited)"
            );
            INFOPLIST_FILE = "PackageConfig.xcodeproj/PackageConfig_Info.plist";
            LD_RUNPATH_SEARCH_PATHS = (
               "$(inherited)",
               "$(TOOLCHAIN_DIR)/usr/lib/swift/macosx"
            );
            OTHER_CFLAGS = (
               "$(inherited)"
            );
            OTHER_LDFLAGS = (
               "$(inherited)"
            );
            OTHER_SWIFT_FLAGS = (
               "$(inherited)"
            );
            PRODUCT_BUNDLE_IDENTIFIER = "PackageConfig";
            PRODUCT_MODULE_NAME = "$(TARGET_NAME:c99extidentifier)";
            PRODUCT_NAME = "$(TARGET_NAME:c99extidentifier)";
            SKIP_INSTALL = "YES";
            SWIFT_ACTIVE_COMPILATION_CONDITIONS = (
               "$(inherited)"
            );
            SWIFT_VERSION = "4.2";
            TARGET_NAME = "PackageConfig";
         };
         name = "Debug";
      };
      "OBJ_36" = {
         isa = "XCBuildConfiguration";
         buildSettings = {
            ENABLE_TESTABILITY = "YES";
            FRAMEWORK_SEARCH_PATHS = (
               "$(inherited)",
               "$(PLATFORM_DIR)/Developer/Library/Frameworks"
            );
            HEADER_SEARCH_PATHS = (
               "$(inherited)"
            );
            INFOPLIST_FILE = "PackageConfig.xcodeproj/PackageConfig_Info.plist";
            LD_RUNPATH_SEARCH_PATHS = (
               "$(inherited)",
               "$(TOOLCHAIN_DIR)/usr/lib/swift/macosx"
            );
            OTHER_CFLAGS = (
               "$(inherited)"
            );
            OTHER_LDFLAGS = (
               "$(inherited)"
            );
            OTHER_SWIFT_FLAGS = (
               "$(inherited)"
            );
            PRODUCT_BUNDLE_IDENTIFIER = "PackageConfig";
            PRODUCT_MODULE_NAME = "$(TARGET_NAME:c99extidentifier)";
            PRODUCT_NAME = "$(TARGET_NAME:c99extidentifier)";
            SKIP_INSTALL = "YES";
            SWIFT_ACTIVE_COMPILATION_CONDITIONS = (
               "$(inherited)"
            );
            SWIFT_VERSION = "4.2";
            TARGET_NAME = "PackageConfig";
         };
         name = "Release";
      };
      "OBJ_37" = {
         isa = "PBXSourcesBuildPhase";
         files = (
            "OBJ_38",
            "OBJ_39",
            "OBJ_40",
            "OBJ_41",
            "OBJ_42"
         );
      };
      "OBJ_38" = {
         isa = "PBXBuildFile";
         fileRef = "OBJ_9";
      };
      "OBJ_39" = {
         isa = "PBXBuildFile";
         fileRef = "OBJ_10";
      };
      "OBJ_4" = {
         isa = "XCBuildConfiguration";
         buildSettings = {
            CLANG_ENABLE_OBJC_ARC = "YES";
            COMBINE_HIDPI_IMAGES = "YES";
            COPY_PHASE_STRIP = "YES";
            DEBUG_INFORMATION_FORMAT = "dwarf-with-dsym";
            DYLIB_INSTALL_NAME_BASE = "@rpath";
            GCC_OPTIMIZATION_LEVEL = "s";
            MACOSX_DEPLOYMENT_TARGET = "10.10";
            OTHER_SWIFT_FLAGS = (
               "-DXcode"
            );
            PRODUCT_NAME = "$(TARGET_NAME)";
            SDKROOT = "macosx";
            SUPPORTED_PLATFORMS = (
               "macosx",
               "iphoneos",
               "iphonesimulator",
               "appletvos",
               "appletvsimulator",
               "watchos",
               "watchsimulator"
            );
            SWIFT_ACTIVE_COMPILATION_CONDITIONS = (
               "SWIFT_PACKAGE"
            );
            SWIFT_OPTIMIZATION_LEVEL = "-Owholemodule";
            USE_HEADERMAP = "NO";
         };
         name = "Release";
      };
      "OBJ_40" = {
         isa = "PBXBuildFile";
         fileRef = "OBJ_11";
      };
      "OBJ_41" = {
         isa = "PBXBuildFile";
         fileRef = "OBJ_12";
      };
      "OBJ_42" = {
         isa = "PBXBuildFile";
         fileRef = "OBJ_13";
      };
      "OBJ_43" = {
         isa = "PBXFrameworksBuildPhase";
         files = (
         );
      };
      "OBJ_45" = {
         isa = "XCConfigurationList";
         buildConfigurations = (
            "OBJ_46",
            "OBJ_47"
         );
         defaultConfigurationIsVisible = "0";
         defaultConfigurationName = "Release";
      };
      "OBJ_46" = {
         isa = "XCBuildConfiguration";
         buildSettings = {
            LD = "/usr/bin/true";
            OTHER_SWIFT_FLAGS = (
               "-swift-version",
               "4.2",
               "-I",
               "$(TOOLCHAIN_DIR)/usr/lib/swift/pm/4_2",
               "-target",
               "x86_64-apple-macosx10.10",
               "-sdk",
               "/Applications/Xcode.app/Contents/Developer/Platforms/MacOSX.platform/Developer/SDKs/MacOSX10.14.sdk"
            );
            SWIFT_VERSION = "4.2";
         };
         name = "Debug";
      };
      "OBJ_47" = {
         isa = "XCBuildConfiguration";
         buildSettings = {
            LD = "/usr/bin/true";
            OTHER_SWIFT_FLAGS = (
               "-swift-version",
               "4.2",
               "-I",
               "$(TOOLCHAIN_DIR)/usr/lib/swift/pm/4_2",
               "-target",
               "x86_64-apple-macosx10.10",
               "-sdk",
               "/Applications/Xcode.app/Contents/Developer/Platforms/MacOSX.platform/Developer/SDKs/MacOSX10.14.sdk"
            );
            SWIFT_VERSION = "4.2";
         };
         name = "Release";
      };
      "OBJ_48" = {
         isa = "PBXSourcesBuildPhase";
         files = (
            "OBJ_49"
         );
      };
      "OBJ_49" = {
         isa = "PBXBuildFile";
         fileRef = "OBJ_6";
      };
      "OBJ_5" = {
         isa = "PBXGroup";
         children = (
            "OBJ_6",
            "OBJ_7",
            "OBJ_16",
            "OBJ_20"
         );
         path = "";
         sourceTree = "<group>";
      };
      "OBJ_51" = {
         isa = "XCConfigurationList";
         buildConfigurations = (
            "OBJ_52",
            "OBJ_53"
         );
         defaultConfigurationIsVisible = "0";
         defaultConfigurationName = "Release";
      };
      "OBJ_52" = {
         isa = "XCBuildConfiguration";
         buildSettings = {
         };
         name = "Debug";
      };
      "OBJ_53" = {
         isa = "XCBuildConfiguration";
         buildSettings = {
         };
         name = "Release";
      };
      "OBJ_54" = {
         isa = "PBXTargetDependency";
         target = "PackageConfig::PackageConfigTests";
      };
      "OBJ_56" = {
         isa = "XCConfigurationList";
         buildConfigurations = (
            "OBJ_57",
            "OBJ_58"
         );
         defaultConfigurationIsVisible = "0";
         defaultConfigurationName = "Release";
      };
      "OBJ_57" = {
         isa = "XCBuildConfiguration";
         buildSettings = {
            CLANG_ENABLE_MODULES = "YES";
            EMBEDDED_CONTENT_CONTAINS_SWIFT = "YES";
            FRAMEWORK_SEARCH_PATHS = (
               "$(inherited)",
               "$(PLATFORM_DIR)/Developer/Library/Frameworks"
            );
            HEADER_SEARCH_PATHS = (
               "$(inherited)"
            );
            INFOPLIST_FILE = "PackageConfig.xcodeproj/PackageConfigTests_Info.plist";
            LD_RUNPATH_SEARCH_PATHS = (
               "$(inherited)",
               "@loader_path/../Frameworks",
               "@loader_path/Frameworks"
            );
            OTHER_CFLAGS = (
               "$(inherited)"
            );
            OTHER_LDFLAGS = (
               "$(inherited)"
            );
            OTHER_SWIFT_FLAGS = (
               "$(inherited)"
            );
            SWIFT_ACTIVE_COMPILATION_CONDITIONS = (
               "$(inherited)"
            );
            SWIFT_VERSION = "4.2";
            TARGET_NAME = "PackageConfigTests";
         };
         name = "Debug";
      };
      "OBJ_58" = {
         isa = "XCBuildConfiguration";
         buildSettings = {
            CLANG_ENABLE_MODULES = "YES";
            EMBEDDED_CONTENT_CONTAINS_SWIFT = "YES";
            FRAMEWORK_SEARCH_PATHS = (
               "$(inherited)",
               "$(PLATFORM_DIR)/Developer/Library/Frameworks"
            );
            HEADER_SEARCH_PATHS = (
               "$(inherited)"
            );
            INFOPLIST_FILE = "PackageConfig.xcodeproj/PackageConfigTests_Info.plist";
            LD_RUNPATH_SEARCH_PATHS = (
               "$(inherited)",
               "@loader_path/../Frameworks",
               "@loader_path/Frameworks"
            );
            OTHER_CFLAGS = (
               "$(inherited)"
            );
            OTHER_LDFLAGS = (
               "$(inherited)"
            );
            OTHER_SWIFT_FLAGS = (
               "$(inherited)"
            );
            SWIFT_ACTIVE_COMPILATION_CONDITIONS = (
               "$(inherited)"
            );
            SWIFT_VERSION = "4.2";
            TARGET_NAME = "PackageConfigTests";
         };
         name = "Release";
      };
      "OBJ_59" = {
         isa = "PBXSourcesBuildPhase";
         files = (
            "OBJ_60",
            "OBJ_61"
         );
      };
      "OBJ_6" = {
         isa = "PBXFileReference";
         explicitFileType = "sourcecode.swift";
         path = "Package.swift";
         sourceTree = "<group>";
      };
      "OBJ_60" = {
         isa = "PBXBuildFile";
         fileRef = "OBJ_18";
      };
      "OBJ_61" = {
         isa = "PBXBuildFile";
         fileRef = "OBJ_19";
      };
      "OBJ_62" = {
         isa = "PBXFrameworksBuildPhase";
         files = (
            "OBJ_63"
         );
      };
      "OBJ_63" = {
         isa = "PBXBuildFile";
         fileRef = "PackageConfig::PackageConfig::Product";
      };
      "OBJ_64" = {
         isa = "PBXTargetDependency";
         target = "PackageConfig::PackageConfig";
      };
      "OBJ_66" = {
         isa = "XCConfigurationList";
         buildConfigurations = (
            "OBJ_67",
            "OBJ_68"
         );
         defaultConfigurationIsVisible = "0";
         defaultConfigurationName = "Release";
      };
      "OBJ_67" = {
         isa = "XCBuildConfiguration";
         buildSettings = {
         };
         name = "Debug";
      };
      "OBJ_68" = {
         isa = "XCBuildConfiguration";
         buildSettings = {
         };
         name = "Release";
      };
      "OBJ_69" = {
         isa = "PBXTargetDependency";
         target = "PackageConfig::Example";
      };
      "OBJ_7" = {
         isa = "PBXGroup";
         children = (
            "OBJ_8",
            "OBJ_14"
         );
         name = "Sources";
         path = "";
         sourceTree = "SOURCE_ROOT";
      };
      "OBJ_8" = {
         isa = "PBXGroup";
         children = (
            "OBJ_9",
            "OBJ_10",
            "OBJ_11",
            "OBJ_12",
            "OBJ_13"
         );
         name = "PackageConfig";
         path = "Sources/PackageConfig";
         sourceTree = "SOURCE_ROOT";
      };
      "OBJ_9" = {
         isa = "PBXFileReference";
         path = "Configuration.swift";
         sourceTree = "<group>";
      };
      "PackageConfig::Example" = {
         isa = "PBXNativeTarget";
         buildConfigurationList = "OBJ_25";
         buildPhases = (
            "OBJ_28",
            "OBJ_30"
         );
         dependencies = (
            "OBJ_32"
         );
         name = "Example";
         productName = "Example";
         productReference = "PackageConfig::Example::Product";
         productType = "com.apple.product-type.tool";
      };
      "PackageConfig::Example::Product" = {
         isa = "PBXFileReference";
         path = "Example";
         sourceTree = "BUILT_PRODUCTS_DIR";
      };
      "PackageConfig::PackageConfig" = {
         isa = "PBXNativeTarget";
         buildConfigurationList = "OBJ_34";
         buildPhases = (
            "OBJ_37",
            "OBJ_43"
         );
         dependencies = (
         );
         name = "PackageConfig";
         productName = "PackageConfig";
         productReference = "PackageConfig::PackageConfig::Product";
         productType = "com.apple.product-type.framework";
      };
      "PackageConfig::PackageConfig::Product" = {
         isa = "PBXFileReference";
         path = "PackageConfig.framework";
         sourceTree = "BUILT_PRODUCTS_DIR";
      };
      "PackageConfig::PackageConfigPackageTests::ProductTarget" = {
         isa = "PBXAggregateTarget";
         buildConfigurationList = "OBJ_51";
         buildPhases = (
         );
         dependencies = (
            "OBJ_54"
         );
         name = "PackageConfigPackageTests";
         productName = "PackageConfigPackageTests";
      };
      "PackageConfig::PackageConfigTests" = {
         isa = "PBXNativeTarget";
         buildConfigurationList = "OBJ_56";
         buildPhases = (
            "OBJ_59",
            "OBJ_62"
         );
         dependencies = (
            "OBJ_64"
         );
         name = "PackageConfigTests";
         productName = "PackageConfigTests";
         productReference = "PackageConfig::PackageConfigTests::Product";
         productType = "com.apple.product-type.bundle.unit-test";
      };
      "PackageConfig::PackageConfigTests::Product" = {
         isa = "PBXFileReference";
         path = "PackageConfigTests.xctest";
         sourceTree = "BUILT_PRODUCTS_DIR";
      };
      "PackageConfig::SwiftPMPackageDescription" = {
         isa = "PBXNativeTarget";
         buildConfigurationList = "OBJ_45";
         buildPhases = (
            "OBJ_48"
         );
         dependencies = (
         );
         name = "PackageConfigPackageDescription";
         productName = "PackageConfigPackageDescription";
         productType = "com.apple.product-type.framework";
      };
      "PackageConfig::package-config-example::ProductTarget" = {
         isa = "PBXAggregateTarget";
         buildConfigurationList = "OBJ_66";
         buildPhases = (
         );
         dependencies = (
            "OBJ_69"
         );
         name = "package-config-example";
         productName = "package-config-example";
      };
   };
   rootObject = "OBJ_1";
}
